// !$*UTF8*$!
{
	archiveVersion = 1;
	classes = {
	};
	objectVersion = 56;
	objects = {

/* Begin PBXBuildFile section */
		0E176ACB2A27AE960053489F /* ContentView.swift in Sources */ = {isa = PBXBuildFile; fileRef = 0E176AC62A27AE8F0053489F /* ContentView.swift */; };
		0E176ACC2A27AE960053489F /* LaunchView.swift in Sources */ = {isa = PBXBuildFile; fileRef = 0E176AC72A27AE910053489F /* LaunchView.swift */; };
		0E176ACD2A27AE960053489F /* CreateForm.swift in Sources */ = {isa = PBXBuildFile; fileRef = 0E176AC82A27AE930053489F /* CreateForm.swift */; };
		0E176ACF2A27AE960053489F /* LoginForm.swift in Sources */ = {isa = PBXBuildFile; fileRef = 0E176ACA2A27AE960053489F /* LoginForm.swift */; };
		0E2D5CD629F30987009AEC55 /* maturekApp.swift in Sources */ = {isa = PBXBuildFile; fileRef = 0E2D5CD529F30987009AEC55 /* maturekApp.swift */; };
		0E2D5CD829F30987009AEC55 /* mainScreenView.swift in Sources */ = {isa = PBXBuildFile; fileRef = 0E2D5CD729F30987009AEC55 /* mainScreenView.swift */; };
		0E2D5CDA29F30989009AEC55 /* Assets.xcassets in Resources */ = {isa = PBXBuildFile; fileRef = 0E2D5CD929F30989009AEC55 /* Assets.xcassets */; };
		0E2D5CDD29F30989009AEC55 /* Preview Assets.xcassets in Resources */ = {isa = PBXBuildFile; fileRef = 0E2D5CDC29F30989009AEC55 /* Preview Assets.xcassets */; };
		0E2D5CEC29F30C6E009AEC55 /* Odkryj.swift in Sources */ = {isa = PBXBuildFile; fileRef = 0E2D5CEB29F30C6E009AEC55 /* Odkryj.swift */; };
		0E2D5CEF29F30C9C009AEC55 /* Centrum.swift in Sources */ = {isa = PBXBuildFile; fileRef = 0E2D5CEE29F30C9C009AEC55 /* Centrum.swift */; };
		0E2D5CF329F30F6F009AEC55 /* quiz.json in Resources */ = {isa = PBXBuildFile; fileRef = 0E2D5CF229F30F6F009AEC55 /* quiz.json */; };
		0E6194432A3CD688004B7F02 /* reusableTitleWithPhoto.swift in Sources */ = {isa = PBXBuildFile; fileRef = 0E6194422A3CD688004B7F02 /* reusableTitleWithPhoto.swift */; };
		0E6194452A3CD924004B7F02 /* reusableWithBackButton.swift in Sources */ = {isa = PBXBuildFile; fileRef = 0E6194442A3CD924004B7F02 /* reusableWithBackButton.swift */; };
		0E6194472A3CDACA004B7F02 /* widokSubskrypcji.swift in Sources */ = {isa = PBXBuildFile; fileRef = 0E6194462A3CDACA004B7F02 /* widokSubskrypcji.swift */; };
		0E71DC962A3F4153002E49E6 /* secondSubtitle.swift in Sources */ = {isa = PBXBuildFile; fileRef = 0E71DC952A3F4153002E49E6 /* secondSubtitle.swift */; };
		0E7413EA2A3CBA3F00FAC162 /* reusableTitle.swift in Sources */ = {isa = PBXBuildFile; fileRef = 0E7413E92A3CBA3F00FAC162 /* reusableTitle.swift */; };
		0E7B1EE62A1803D400ADC846 /* Biblioteka.swift in Sources */ = {isa = PBXBuildFile; fileRef = 0E2D5CF029F30D52009AEC55 /* Biblioteka.swift */; };
		0E80EB542A3B5F3200FE4A63 /* Fonts.swift in Sources */ = {isa = PBXBuildFile; fileRef = 0E80EB532A3B5F3200FE4A63 /* Fonts.swift */; };
		0EF47CC62A27ABFC00E9F698 /* GoogleService-Info.plist in Resources */ = {isa = PBXBuildFile; fileRef = 0EF47CC52A27ABFC00E9F698 /* GoogleService-Info.plist */; };
		22C2FA08777DE3FD5044B151 /* Pods_maturek.framework in Frameworks */ = {isa = PBXBuildFile; fileRef = D3DCF6E1AC888F6DC0618278 /* Pods_maturek.framework */; };
/* End PBXBuildFile section */

/* Begin PBXFileReference section */
		0E176AC62A27AE8F0053489F /* ContentView.swift */ = {isa = PBXFileReference; fileEncoding = 4; lastKnownFileType = sourcecode.swift; path = ContentView.swift; sourceTree = "<group>"; };
		0E176AC72A27AE910053489F /* LaunchView.swift */ = {isa = PBXFileReference; fileEncoding = 4; lastKnownFileType = sourcecode.swift; path = LaunchView.swift; sourceTree = "<group>"; };
		0E176AC82A27AE930053489F /* CreateForm.swift */ = {isa = PBXFileReference; fileEncoding = 4; lastKnownFileType = sourcecode.swift; path = CreateForm.swift; sourceTree = "<group>"; };
		0E176ACA2A27AE960053489F /* LoginForm.swift */ = {isa = PBXFileReference; fileEncoding = 4; lastKnownFileType = sourcecode.swift; path = LoginForm.swift; sourceTree = "<group>"; };
		0E2D5CD229F30987009AEC55 /* maturek.app */ = {isa = PBXFileReference; explicitFileType = wrapper.application; includeInIndex = 0; path = maturek.app; sourceTree = BUILT_PRODUCTS_DIR; };
		0E2D5CD529F30987009AEC55 /* maturekApp.swift */ = {isa = PBXFileReference; lastKnownFileType = sourcecode.swift; path = maturekApp.swift; sourceTree = "<group>"; };
		0E2D5CD729F30987009AEC55 /* mainScreenView.swift */ = {isa = PBXFileReference; lastKnownFileType = sourcecode.swift; path = mainScreenView.swift; sourceTree = "<group>"; };
		0E2D5CD929F30989009AEC55 /* Assets.xcassets */ = {isa = PBXFileReference; lastKnownFileType = folder.assetcatalog; path = Assets.xcassets; sourceTree = "<group>"; };
		0E2D5CDC29F30989009AEC55 /* Preview Assets.xcassets */ = {isa = PBXFileReference; lastKnownFileType = folder.assetcatalog; path = "Preview Assets.xcassets"; sourceTree = "<group>"; };
		0E2D5CEB29F30C6E009AEC55 /* Odkryj.swift */ = {isa = PBXFileReference; lastKnownFileType = sourcecode.swift; path = Odkryj.swift; sourceTree = "<group>"; };
		0E2D5CEE29F30C9C009AEC55 /* Centrum.swift */ = {isa = PBXFileReference; lastKnownFileType = sourcecode.swift; path = Centrum.swift; sourceTree = "<group>"; };
		0E2D5CF029F30D52009AEC55 /* Biblioteka.swift */ = {isa = PBXFileReference; lastKnownFileType = sourcecode.swift; path = Biblioteka.swift; sourceTree = "<group>"; };
		0E2D5CF229F30F6F009AEC55 /* quiz.json */ = {isa = PBXFileReference; lastKnownFileType = text.json; path = quiz.json; sourceTree = "<group>"; };
		0E6194422A3CD688004B7F02 /* reusableTitleWithPhoto.swift */ = {isa = PBXFileReference; lastKnownFileType = sourcecode.swift; path = reusableTitleWithPhoto.swift; sourceTree = "<group>"; };
		0E6194442A3CD924004B7F02 /* reusableWithBackButton.swift */ = {isa = PBXFileReference; lastKnownFileType = sourcecode.swift; path = reusableWithBackButton.swift; sourceTree = "<group>"; };
		0E6194462A3CDACA004B7F02 /* widokSubskrypcji.swift */ = {isa = PBXFileReference; lastKnownFileType = sourcecode.swift; path = widokSubskrypcji.swift; sourceTree = "<group>"; };
		0E71DC952A3F4153002E49E6 /* secondSubtitle.swift */ = {isa = PBXFileReference; lastKnownFileType = sourcecode.swift; path = secondSubtitle.swift; sourceTree = "<group>"; };
		0E7413E92A3CBA3F00FAC162 /* reusableTitle.swift */ = {isa = PBXFileReference; lastKnownFileType = sourcecode.swift; path = reusableTitle.swift; sourceTree = "<group>"; };
		0E7413EB2A3CC01400FAC162 /* Info.plist */ = {isa = PBXFileReference; lastKnownFileType = text.plist; path = Info.plist; sourceTree = "<group>"; };
		0E80EB522A3B5EFE00FE4A63 /* SF-Pro-Text-Semibold.otf */ = {isa = PBXFileReference; lastKnownFileType = file; path = "SF-Pro-Text-Semibold.otf"; sourceTree = "<group>"; };
		0E80EB532A3B5F3200FE4A63 /* Fonts.swift */ = {isa = PBXFileReference; lastKnownFileType = sourcecode.swift; path = Fonts.swift; sourceTree = "<group>"; };
		0E80EB592A3B6E0500FE4A63 /* SF-Pro-Display-Medium.otf */ = {isa = PBXFileReference; lastKnownFileType = file; path = "SF-Pro-Display-Medium.otf"; sourceTree = "<group>"; };
		0E80EB5A2A3B718C00FE4A63 /* SF-Pro-Rounded-Bold.otf */ = {isa = PBXFileReference; lastKnownFileType = file; path = "SF-Pro-Rounded-Bold.otf"; sourceTree = "<group>"; };
		0EF47CC52A27ABFC00E9F698 /* GoogleService-Info.plist */ = {isa = PBXFileReference; fileEncoding = 4; lastKnownFileType = text.plist.xml; path = "GoogleService-Info.plist"; sourceTree = "<group>"; };
		2E07B32CAE2DB3D5A093AB70 /* Pods-maturek.release.xcconfig */ = {isa = PBXFileReference; includeInIndex = 1; lastKnownFileType = text.xcconfig; name = "Pods-maturek.release.xcconfig"; path = "Target Support Files/Pods-maturek/Pods-maturek.release.xcconfig"; sourceTree = "<group>"; };
		923CFA988B90826C22E17A33 /* Pods-maturek.debug.xcconfig */ = {isa = PBXFileReference; includeInIndex = 1; lastKnownFileType = text.xcconfig; name = "Pods-maturek.debug.xcconfig"; path = "Target Support Files/Pods-maturek/Pods-maturek.debug.xcconfig"; sourceTree = "<group>"; };
		D3DCF6E1AC888F6DC0618278 /* Pods_maturek.framework */ = {isa = PBXFileReference; explicitFileType = wrapper.framework; includeInIndex = 0; path = Pods_maturek.framework; sourceTree = BUILT_PRODUCTS_DIR; };
/* End PBXFileReference section */

/* Begin PBXFrameworksBuildPhase section */
		0E2D5CCF29F30987009AEC55 /* Frameworks */ = {
			isa = PBXFrameworksBuildPhase;
			buildActionMask = 2147483647;
			files = (
				22C2FA08777DE3FD5044B151 /* Pods_maturek.framework in Frameworks */,
			);
			runOnlyForDeploymentPostprocessing = 0;
		};
/* End PBXFrameworksBuildPhase section */

/* Begin PBXGroup section */
		0E176AC42A27ADEB0053489F /* ekran startowy */ = {
			isa = PBXGroup;
			children = (
				0E6194412A3CD66B004B7F02 /* Reusable */,
				0E2D5CEB29F30C6E009AEC55 /* Odkryj.swift */,
				0E2D5CF029F30D52009AEC55 /* Biblioteka.swift */,
				0E2D5CEE29F30C9C009AEC55 /* Centrum.swift */,
				0E2D5CD729F30987009AEC55 /* mainScreenView.swift */,
				0E6194462A3CDACA004B7F02 /* widokSubskrypcji.swift */,
			);
			path = "ekran startowy";
			sourceTree = "<group>";
		};
		0E176AC52A27AE3A0053489F /* ekran logowania  */ = {
			isa = PBXGroup;
			children = (
				0E176AC62A27AE8F0053489F /* ContentView.swift */,
				0E176AC82A27AE930053489F /* CreateForm.swift */,
				0E176AC72A27AE910053489F /* LaunchView.swift */,
				0E176ACA2A27AE960053489F /* LoginForm.swift */,
			);
			path = "ekran logowania ";
			sourceTree = "<group>";
		};
		0E2D5CC929F30987009AEC55 = {
			isa = PBXGroup;
			children = (
				0E2D5CD429F30987009AEC55 /* maturek */,
				0E2D5CD329F30987009AEC55 /* Products */,
				E5BE04C3680526E8232D1A15 /* Pods */,
				ACACA8EDC95A60862ED4A6BC /* Frameworks */,
			);
			sourceTree = "<group>";
		};
		0E2D5CD329F30987009AEC55 /* Products */ = {
			isa = PBXGroup;
			children = (
				0E2D5CD229F30987009AEC55 /* maturek.app */,
			);
			name = Products;
			sourceTree = "<group>";
		};
		0E2D5CD429F30987009AEC55 /* maturek */ = {
			isa = PBXGroup;
			children = (
				0E7413EB2A3CC01400FAC162 /* Info.plist */,
				0E2D5CD529F30987009AEC55 /* maturekApp.swift */,
				0E2D5CE329F30A8A009AEC55 /* Views */,
				0E2D5CE429F30B72009AEC55 /* ViewModels */,
				0E2D5CE529F30B7F009AEC55 /* Models */,
				0E2D5CE629F30B85009AEC55 /* Services */,
				0E2D5CE729F30B8D009AEC55 /* Data */,
				0E2D5CE829F30B9A009AEC55 /* Utilities */,
				0E80EB512A3B5EF500FE4A63 /* Fonts */,
				0EF47CC52A27ABFC00E9F698 /* GoogleService-Info.plist */,
				0E2D5CD929F30989009AEC55 /* Assets.xcassets */,
				0E2D5CDB29F30989009AEC55 /* Preview Content */,
			);
			path = maturek;
			sourceTree = "<group>";
		};
		0E2D5CDB29F30989009AEC55 /* Preview Content */ = {
			isa = PBXGroup;
			children = (
				0E2D5CDC29F30989009AEC55 /* Preview Assets.xcassets */,
			);
			path = "Preview Content";
			sourceTree = "<group>";
		};
		0E2D5CE329F30A8A009AEC55 /* Views */ = {
			isa = PBXGroup;
			children = (
				0E176AC52A27AE3A0053489F /* ekran logowania  */,
				0E176AC42A27ADEB0053489F /* ekran startowy */,
			);
			path = Views;
			sourceTree = "<group>";
		};
		0E2D5CE429F30B72009AEC55 /* ViewModels */ = {
			isa = PBXGroup;
			children = (
			);
			path = ViewModels;
			sourceTree = "<group>";
		};
		0E2D5CE529F30B7F009AEC55 /* Models */ = {
			isa = PBXGroup;
			children = (
			);
			path = Models;
			sourceTree = "<group>";
		};
		0E2D5CE629F30B85009AEC55 /* Services */ = {
			isa = PBXGroup;
			children = (
			);
			path = Services;
			sourceTree = "<group>";
		};
		0E2D5CE729F30B8D009AEC55 /* Data */ = {
			isa = PBXGroup;
			children = (
				0E2D5CF229F30F6F009AEC55 /* quiz.json */,
			);
			path = Data;
			sourceTree = "<group>";
		};
		0E2D5CE829F30B9A009AEC55 /* Utilities */ = {
			isa = PBXGroup;
			children = (
				0E80EB532A3B5F3200FE4A63 /* Fonts.swift */,
			);
			path = Utilities;
			sourceTree = "<group>";
		};
		0E6194412A3CD66B004B7F02 /* Reusable */ = {
			isa = PBXGroup;
			children = (
				0E7413E92A3CBA3F00FAC162 /* reusableTitle.swift */,
				0E6194422A3CD688004B7F02 /* reusableTitleWithPhoto.swift */,
				0E6194442A3CD924004B7F02 /* reusableWithBackButton.swift */,
				0E71DC952A3F4153002E49E6 /* secondSubtitle.swift */,
			);
			path = Reusable;
			sourceTree = "<group>";
		};
		0E80EB512A3B5EF500FE4A63 /* Fonts */ = {
			isa = PBXGroup;
			children = (
				0E80EB5A2A3B718C00FE4A63 /* SF-Pro-Rounded-Bold.otf */,
				0E80EB592A3B6E0500FE4A63 /* SF-Pro-Display-Medium.otf */,
				0E80EB522A3B5EFE00FE4A63 /* SF-Pro-Text-Semibold.otf */,
			);
			path = Fonts;
			sourceTree = "<group>";
		};
		ACACA8EDC95A60862ED4A6BC /* Frameworks */ = {
			isa = PBXGroup;
			children = (
				D3DCF6E1AC888F6DC0618278 /* Pods_maturek.framework */,
			);
			name = Frameworks;
			sourceTree = "<group>";
		};
		E5BE04C3680526E8232D1A15 /* Pods */ = {
			isa = PBXGroup;
			children = (
				923CFA988B90826C22E17A33 /* Pods-maturek.debug.xcconfig */,
				2E07B32CAE2DB3D5A093AB70 /* Pods-maturek.release.xcconfig */,
			);
			path = Pods;
			sourceTree = "<group>";
		};
/* End PBXGroup section */

/* Begin PBXNativeTarget section */
		0E2D5CD129F30987009AEC55 /* maturek */ = {
			isa = PBXNativeTarget;
			buildConfigurationList = 0E2D5CE029F30989009AEC55 /* Build configuration list for PBXNativeTarget "maturek" */;
			buildPhases = (
				62F4DBC36E639535241DCF7B /* [CP] Check Pods Manifest.lock */,
				0E2D5CCE29F30987009AEC55 /* Sources */,
				0E2D5CCF29F30987009AEC55 /* Frameworks */,
				0E2D5CD029F30987009AEC55 /* Resources */,
				3092C4E69A490E3F7112D1D1 /* [CP] Embed Pods Frameworks */,
			);
			buildRules = (
			);
			dependencies = (
			);
			name = maturek;
			productName = maturek;
			productReference = 0E2D5CD229F30987009AEC55 /* maturek.app */;
			productType = "com.apple.product-type.application";
		};
/* End PBXNativeTarget section */

/* Begin PBXProject section */
		0E2D5CCA29F30987009AEC55 /* Project object */ = {
			isa = PBXProject;
			attributes = {
				BuildIndependentTargetsInParallel = 1;
				LastSwiftUpdateCheck = 1430;
				LastUpgradeCheck = 1430;
				TargetAttributes = {
					0E2D5CD129F30987009AEC55 = {
						CreatedOnToolsVersion = 14.3;
					};
				};
			};
			buildConfigurationList = 0E2D5CCD29F30987009AEC55 /* Build configuration list for PBXProject "maturek" */;
			compatibilityVersion = "Xcode 14.0";
			developmentRegion = en;
			hasScannedForEncodings = 0;
			knownRegions = (
				en,
				Base,
			);
			mainGroup = 0E2D5CC929F30987009AEC55;
			productRefGroup = 0E2D5CD329F30987009AEC55 /* Products */;
			projectDirPath = "";
			projectRoot = "";
			targets = (
				0E2D5CD129F30987009AEC55 /* maturek */,
			);
		};
/* End PBXProject section */

/* Begin PBXResourcesBuildPhase section */
		0E2D5CD029F30987009AEC55 /* Resources */ = {
			isa = PBXResourcesBuildPhase;
			buildActionMask = 2147483647;
			files = (
				0E2D5CDD29F30989009AEC55 /* Preview Assets.xcassets in Resources */,
				0EF47CC62A27ABFC00E9F698 /* GoogleService-Info.plist in Resources */,
				0E2D5CDA29F30989009AEC55 /* Assets.xcassets in Resources */,
				0E2D5CF329F30F6F009AEC55 /* quiz.json in Resources */,
			);
			runOnlyForDeploymentPostprocessing = 0;
		};
/* End PBXResourcesBuildPhase section */

/* Begin PBXShellScriptBuildPhase section */
		3092C4E69A490E3F7112D1D1 /* [CP] Embed Pods Frameworks */ = {
			isa = PBXShellScriptBuildPhase;
			buildActionMask = 2147483647;
			files = (
			);
			inputFileListPaths = (
				"${PODS_ROOT}/Target Support Files/Pods-maturek/Pods-maturek-frameworks-${CONFIGURATION}-input-files.xcfilelist",
			);
			name = "[CP] Embed Pods Frameworks";
			outputFileListPaths = (
				"${PODS_ROOT}/Target Support Files/Pods-maturek/Pods-maturek-frameworks-${CONFIGURATION}-output-files.xcfilelist",
			);
			runOnlyForDeploymentPostprocessing = 0;
			shellPath = /bin/sh;
			shellScript = "\"${PODS_ROOT}/Target Support Files/Pods-maturek/Pods-maturek-frameworks.sh\"\n";
			showEnvVarsInLog = 0;
		};
		62F4DBC36E639535241DCF7B /* [CP] Check Pods Manifest.lock */ = {
			isa = PBXShellScriptBuildPhase;
			buildActionMask = 2147483647;
			files = (
			);
			inputFileListPaths = (
			);
			inputPaths = (
				"${PODS_PODFILE_DIR_PATH}/Podfile.lock",
				"${PODS_ROOT}/Manifest.lock",
			);
			name = "[CP] Check Pods Manifest.lock";
			outputFileListPaths = (
			);
			outputPaths = (
				"$(DERIVED_FILE_DIR)/Pods-maturek-checkManifestLockResult.txt",
			);
			runOnlyForDeploymentPostprocessing = 0;
			shellPath = /bin/sh;
			shellScript = "diff \"${PODS_PODFILE_DIR_PATH}/Podfile.lock\" \"${PODS_ROOT}/Manifest.lock\" > /dev/null\nif [ $? != 0 ] ; then\n    # print error to STDERR\n    echo \"error: The sandbox is not in sync with the Podfile.lock. Run 'pod install' or update your CocoaPods installation.\" >&2\n    exit 1\nfi\n# This output is used by Xcode 'outputs' to avoid re-running this script phase.\necho \"SUCCESS\" > \"${SCRIPT_OUTPUT_FILE_0}\"\n";
			showEnvVarsInLog = 0;
		};
/* End PBXShellScriptBuildPhase section */

/* Begin PBXSourcesBuildPhase section */
		0E2D5CCE29F30987009AEC55 /* Sources */ = {
			isa = PBXSourcesBuildPhase;
			buildActionMask = 2147483647;
			files = (
				0E2D5CEF29F30C9C009AEC55 /* Centrum.swift in Sources */,
				0E7413EA2A3CBA3F00FAC162 /* reusableTitle.swift in Sources */,
				0E6194472A3CDACA004B7F02 /* widokSubskrypcji.swift in Sources */,
				0E6194452A3CD924004B7F02 /* reusableWithBackButton.swift in Sources */,
				0E6194432A3CD688004B7F02 /* reusableTitleWithPhoto.swift in Sources */,
				0E7B1EE62A1803D400ADC846 /* Biblioteka.swift in Sources */,
				0E176ACB2A27AE960053489F /* ContentView.swift in Sources */,
				0E176ACD2A27AE960053489F /* CreateForm.swift in Sources */,
				0E176ACC2A27AE960053489F /* LaunchView.swift in Sources */,
				0E176ACF2A27AE960053489F /* LoginForm.swift in Sources */,
				0E71DC962A3F4153002E49E6 /* secondSubtitle.swift in Sources */,
				0E80EB542A3B5F3200FE4A63 /* Fonts.swift in Sources */,
				0E2D5CEC29F30C6E009AEC55 /* Odkryj.swift in Sources */,
				0E2D5CD829F30987009AEC55 /* mainScreenView.swift in Sources */,
				0E2D5CD629F30987009AEC55 /* maturekApp.swift in Sources */,
			);
			runOnlyForDeploymentPostprocessing = 0;
		};
/* End PBXSourcesBuildPhase section */

/* Begin XCBuildConfiguration section */
		0E2D5CDE29F30989009AEC55 /* Debug */ = {
			isa = XCBuildConfiguration;
			buildSettings = {
				ALWAYS_SEARCH_USER_PATHS = NO;
				CLANG_ANALYZER_NONNULL = YES;
				CLANG_ANALYZER_NUMBER_OBJECT_CONVERSION = YES_AGGRESSIVE;
				CLANG_CXX_LANGUAGE_STANDARD = "gnu++20";
				CLANG_ENABLE_MODULES = YES;
				CLANG_ENABLE_OBJC_ARC = YES;
				CLANG_ENABLE_OBJC_WEAK = YES;
				CLANG_WARN_BLOCK_CAPTURE_AUTORELEASING = YES;
				CLANG_WARN_BOOL_CONVERSION = YES;
				CLANG_WARN_COMMA = YES;
				CLANG_WARN_CONSTANT_CONVERSION = YES;
				CLANG_WARN_DEPRECATED_OBJC_IMPLEMENTATIONS = YES;
				CLANG_WARN_DIRECT_OBJC_ISA_USAGE = YES_ERROR;
				CLANG_WARN_DOCUMENTATION_COMMENTS = YES;
				CLANG_WARN_EMPTY_BODY = YES;
				CLANG_WARN_ENUM_CONVERSION = YES;
				CLANG_WARN_INFINITE_RECURSION = YES;
				CLANG_WARN_INT_CONVERSION = YES;
				CLANG_WARN_NON_LITERAL_NULL_CONVERSION = YES;
				CLANG_WARN_OBJC_IMPLICIT_RETAIN_SELF = YES;
				CLANG_WARN_OBJC_LITERAL_CONVERSION = YES;
				CLANG_WARN_OBJC_ROOT_CLASS = YES_ERROR;
				CLANG_WARN_QUOTED_INCLUDE_IN_FRAMEWORK_HEADER = YES;
				CLANG_WARN_RANGE_LOOP_ANALYSIS = YES;
				CLANG_WARN_STRICT_PROTOTYPES = YES;
				CLANG_WARN_SUSPICIOUS_MOVE = YES;
				CLANG_WARN_UNGUARDED_AVAILABILITY = YES_AGGRESSIVE;
				CLANG_WARN_UNREACHABLE_CODE = YES;
				CLANG_WARN__DUPLICATE_METHOD_MATCH = YES;
				COPY_PHASE_STRIP = NO;
				DEBUG_INFORMATION_FORMAT = dwarf;
				ENABLE_STRICT_OBJC_MSGSEND = YES;
				ENABLE_TESTABILITY = YES;
				GCC_C_LANGUAGE_STANDARD = gnu11;
				GCC_DYNAMIC_NO_PIC = NO;
				GCC_NO_COMMON_BLOCKS = YES;
				GCC_OPTIMIZATION_LEVEL = 0;
				GCC_PREPROCESSOR_DEFINITIONS = (
					"DEBUG=1",
					"$(inherited)",
				);
				GCC_WARN_64_TO_32_BIT_CONVERSION = YES;
				GCC_WARN_ABOUT_RETURN_TYPE = YES_ERROR;
				GCC_WARN_UNDECLARED_SELECTOR = YES;
				GCC_WARN_UNINITIALIZED_AUTOS = YES_AGGRESSIVE;
				GCC_WARN_UNUSED_FUNCTION = YES;
				GCC_WARN_UNUSED_VARIABLE = YES;
				IPHONEOS_DEPLOYMENT_TARGET = 16.4;
				MTL_ENABLE_DEBUG_INFO = INCLUDE_SOURCE;
				MTL_FAST_MATH = YES;
				ONLY_ACTIVE_ARCH = YES;
				SDKROOT = iphoneos;
				SWIFT_ACTIVE_COMPILATION_CONDITIONS = DEBUG;
				SWIFT_OPTIMIZATION_LEVEL = "-Onone";
			};
			name = Debug;
		};
		0E2D5CDF29F30989009AEC55 /* Release */ = {
			isa = XCBuildConfiguration;
			buildSettings = {
				ALWAYS_SEARCH_USER_PATHS = NO;
				CLANG_ANALYZER_NONNULL = YES;
				CLANG_ANALYZER_NUMBER_OBJECT_CONVERSION = YES_AGGRESSIVE;
				CLANG_CXX_LANGUAGE_STANDARD = "gnu++20";
				CLANG_ENABLE_MODULES = YES;
				CLANG_ENABLE_OBJC_ARC = YES;
				CLANG_ENABLE_OBJC_WEAK = YES;
				CLANG_WARN_BLOCK_CAPTURE_AUTORELEASING = YES;
				CLANG_WARN_BOOL_CONVERSION = YES;
				CLANG_WARN_COMMA = YES;
				CLANG_WARN_CONSTANT_CONVERSION = YES;
				CLANG_WARN_DEPRECATED_OBJC_IMPLEMENTATIONS = YES;
				CLANG_WARN_DIRECT_OBJC_ISA_USAGE = YES_ERROR;
				CLANG_WARN_DOCUMENTATION_COMMENTS = YES;
				CLANG_WARN_EMPTY_BODY = YES;
				CLANG_WARN_ENUM_CONVERSION = YES;
				CLANG_WARN_INFINITE_RECURSION = YES;
				CLANG_WARN_INT_CONVERSION = YES;
				CLANG_WARN_NON_LITERAL_NULL_CONVERSION = YES;
				CLANG_WARN_OBJC_IMPLICIT_RETAIN_SELF = YES;
				CLANG_WARN_OBJC_LITERAL_CONVERSION = YES;
				CLANG_WARN_OBJC_ROOT_CLASS = YES_ERROR;
				CLANG_WARN_QUOTED_INCLUDE_IN_FRAMEWORK_HEADER = YES;
				CLANG_WARN_RANGE_LOOP_ANALYSIS = YES;
				CLANG_WARN_STRICT_PROTOTYPES = YES;
				CLANG_WARN_SUSPICIOUS_MOVE = YES;
				CLANG_WARN_UNGUARDED_AVAILABILITY = YES_AGGRESSIVE;
				CLANG_WARN_UNREACHABLE_CODE = YES;
				CLANG_WARN__DUPLICATE_METHOD_MATCH = YES;
				COPY_PHASE_STRIP = NO;
				DEBUG_INFORMATION_FORMAT = "dwarf-with-dsym";
				ENABLE_NS_ASSERTIONS = NO;
				ENABLE_STRICT_OBJC_MSGSEND = YES;
				GCC_C_LANGUAGE_STANDARD = gnu11;
				GCC_NO_COMMON_BLOCKS = YES;
				GCC_WARN_64_TO_32_BIT_CONVERSION = YES;
				GCC_WARN_ABOUT_RETURN_TYPE = YES_ERROR;
				GCC_WARN_UNDECLARED_SELECTOR = YES;
				GCC_WARN_UNINITIALIZED_AUTOS = YES_AGGRESSIVE;
				GCC_WARN_UNUSED_FUNCTION = YES;
				GCC_WARN_UNUSED_VARIABLE = YES;
				IPHONEOS_DEPLOYMENT_TARGET = 16.4;
				MTL_ENABLE_DEBUG_INFO = NO;
				MTL_FAST_MATH = YES;
				SDKROOT = iphoneos;
				SWIFT_COMPILATION_MODE = wholemodule;
				SWIFT_OPTIMIZATION_LEVEL = "-O";
				VALIDATE_PRODUCT = YES;
			};
			name = Release;
		};
		0E2D5CE129F30989009AEC55 /* Debug */ = {
			isa = XCBuildConfiguration;
			baseConfigurationReference = 923CFA988B90826C22E17A33 /* Pods-maturek.debug.xcconfig */;
			buildSettings = {
				ASSETCATALOG_COMPILER_APPICON_NAME = AppIcon;
				ASSETCATALOG_COMPILER_GLOBAL_ACCENT_COLOR_NAME = AccentColor;
				CODE_SIGN_STYLE = Automatic;
				CURRENT_PROJECT_VERSION = 1;
				DEVELOPMENT_ASSET_PATHS = "\"maturek/Preview Content\"";
				DEVELOPMENT_TEAM = 4PYNB7HDRT;
				ENABLE_PREVIEWS = YES;
				GENERATE_INFOPLIST_FILE = YES;
				INFOPLIST_FILE = maturek/Info.plist;
				INFOPLIST_KEY_UIApplicationSceneManifest_Generation = YES;
				INFOPLIST_KEY_UIApplicationSupportsIndirectInputEvents = YES;
				INFOPLIST_KEY_UILaunchScreen_Generation = YES;
				INFOPLIST_KEY_UISupportedInterfaceOrientations_iPad = "UIInterfaceOrientationPortrait UIInterfaceOrientationPortraitUpsideDown UIInterfaceOrientationLandscapeLeft UIInterfaceOrientationLandscapeRight";
				INFOPLIST_KEY_UISupportedInterfaceOrientations_iPhone = "UIInterfaceOrientationPortrait UIInterfaceOrientationLandscapeLeft UIInterfaceOrientationLandscapeRight";
				LD_RUNPATH_SEARCH_PATHS = (
					"$(inherited)",
					"@executable_path/Frameworks",
				);
				MARKETING_VERSION = 1.0;
				PRODUCT_BUNDLE_IDENTIFIER = marcel.maturek;
				PRODUCT_NAME = "$(TARGET_NAME)";
				SWIFT_EMIT_LOC_STRINGS = YES;
				SWIFT_VERSION = 5.0;
				TARGETED_DEVICE_FAMILY = "1,2";
			};
			name = Debug;
		};
		0E2D5CE229F30989009AEC55 /* Release */ = {
			isa = XCBuildConfiguration;
			baseConfigurationReference = 2E07B32CAE2DB3D5A093AB70 /* Pods-maturek.release.xcconfig */;
			buildSettings = {
				ASSETCATALOG_COMPILER_APPICON_NAME = AppIcon;
				ASSETCATALOG_COMPILER_GLOBAL_ACCENT_COLOR_NAME = AccentColor;
				CODE_SIGN_STYLE = Automatic;
				CURRENT_PROJECT_VERSION = 1;
				DEVELOPMENT_ASSET_PATHS = "\"maturek/Preview Content\"";
				DEVELOPMENT_TEAM = 4PYNB7HDRT;
				ENABLE_PREVIEWS = YES;
				GENERATE_INFOPLIST_FILE = YES;
				INFOPLIST_FILE = maturek/Info.plist;
				INFOPLIST_KEY_UIApplicationSceneManifest_Generation = YES;
				INFOPLIST_KEY_UIApplicationSupportsIndirectInputEvents = YES;
				INFOPLIST_KEY_UILaunchScreen_Generation = YES;
				INFOPLIST_KEY_UISupportedInterfaceOrientations_iPad = "UIInterfaceOrientationPortrait UIInterfaceOrientationPortraitUpsideDown UIInterfaceOrientationLandscapeLeft UIInterfaceOrientationLandscapeRight";
				INFOPLIST_KEY_UISupportedInterfaceOrientations_iPhone = "UIInterfaceOrientationPortrait UIInterfaceOrientationLandscapeLeft UIInterfaceOrientationLandscapeRight";
				LD_RUNPATH_SEARCH_PATHS = (
					"$(inherited)",
					"@executable_path/Frameworks",
				);
				MARKETING_VERSION = 1.0;
				PRODUCT_BUNDLE_IDENTIFIER = marcel.maturek;
				PRODUCT_NAME = "$(TARGET_NAME)";
				SWIFT_EMIT_LOC_STRINGS = YES;
				SWIFT_VERSION = 5.0;
				TARGETED_DEVICE_FAMILY = "1,2";
			};
			name = Release;
		};
/* End XCBuildConfiguration section */

/* Begin XCConfigurationList section */
		0E2D5CCD29F30987009AEC55 /* Build configuration list for PBXProject "maturek" */ = {
			isa = XCConfigurationList;
			buildConfigurations = (
				0E2D5CDE29F30989009AEC55 /* Debug */,
				0E2D5CDF29F30989009AEC55 /* Release */,
			);
			defaultConfigurationIsVisible = 0;
			defaultConfigurationName = Release;
		};
		0E2D5CE029F30989009AEC55 /* Build configuration list for PBXNativeTarget "maturek" */ = {
			isa = XCConfigurationList;
			buildConfigurations = (
				0E2D5CE129F30989009AEC55 /* Debug */,
				0E2D5CE229F30989009AEC55 /* Release */,
			);
			defaultConfigurationIsVisible = 0;
			defaultConfigurationName = Release;
		};
/* End XCConfigurationList section */
	};
	rootObject = 0E2D5CCA29F30987009AEC55 /* Project object */;
}
